// !$*UTF8*$!
{
	archiveVersion = 1;
	classes = {
	};
	objectVersion = 56;
	objects = {

/* Begin PBXBuildFile section */
		91233AD72A87B79500F39F44 /* AppDelegate.swift in Sources */ = {isa = PBXBuildFile; fileRef = 91233AD62A87B79500F39F44 /* AppDelegate.swift */; };
		91233AD92A87B79500F39F44 /* SceneDelegate.swift in Sources */ = {isa = PBXBuildFile; fileRef = 91233AD82A87B79500F39F44 /* SceneDelegate.swift */; };
		91233ADE2A87B79500F39F44 /* Main.storyboard in Resources */ = {isa = PBXBuildFile; fileRef = 91233ADC2A87B79500F39F44 /* Main.storyboard */; };
		91233AE02A87B79600F39F44 /* Assets.xcassets in Resources */ = {isa = PBXBuildFile; fileRef = 91233ADF2A87B79600F39F44 /* Assets.xcassets */; };
		91233AE32A87B79600F39F44 /* LaunchScreen.storyboard in Resources */ = {isa = PBXBuildFile; fileRef = 91233AE12A87B79600F39F44 /* LaunchScreen.storyboard */; };
		91233AF02A87CC1000F39F44 /* PortfolioViewController.swift in Sources */ = {isa = PBXBuildFile; fileRef = 91233AEF2A87CC1000F39F44 /* PortfolioViewController.swift */; };
		91233AF22A87CC7100F39F44 /* TradeViewController.swift in Sources */ = {isa = PBXBuildFile; fileRef = 91233AF12A87CC7100F39F44 /* TradeViewController.swift */; };
		91233AF42A87CC8000F39F44 /* ProfileViewController.swift in Sources */ = {isa = PBXBuildFile; fileRef = 91233AF32A87CC8000F39F44 /* ProfileViewController.swift */; };
		91233AF72A87D1C600F39F44 /* CellHelper.swift in Sources */ = {isa = PBXBuildFile; fileRef = 91233AF62A87D1C600F39F44 /* CellHelper.swift */; };
		91233AFB2A87D21600F39F44 /* AccountCollectionViewCell.swift in Sources */ = {isa = PBXBuildFile; fileRef = 91233AF92A87D21500F39F44 /* AccountCollectionViewCell.swift */; };
		91233AFC2A87D21600F39F44 /* AccountCollectionViewCell.xib in Resources */ = {isa = PBXBuildFile; fileRef = 91233AFA2A87D21500F39F44 /* AccountCollectionViewCell.xib */; };
		91233AFF2A87E36400F39F44 /* Extensions.swift in Sources */ = {isa = PBXBuildFile; fileRef = 91233AFE2A87E36400F39F44 /* Extensions.swift */; };
		91233B022A88397E00F39F44 /* CurrencyTableViewCell.swift in Sources */ = {isa = PBXBuildFile; fileRef = 91233B002A88397E00F39F44 /* CurrencyTableViewCell.swift */; };
		91233B032A88397E00F39F44 /* CurrencyTableViewCell.xib in Resources */ = {isa = PBXBuildFile; fileRef = 91233B012A88397E00F39F44 /* CurrencyTableViewCell.xib */; };
/* End PBXBuildFile section */

/* Begin PBXFileReference section */
		91233AD32A87B79500F39F44 /* Fin_dex.app */ = {isa = PBXFileReference; explicitFileType = wrapper.application; includeInIndex = 0; path = Fin_dex.app; sourceTree = BUILT_PRODUCTS_DIR; };
		91233AD62A87B79500F39F44 /* AppDelegate.swift */ = {isa = PBXFileReference; lastKnownFileType = sourcecode.swift; path = AppDelegate.swift; sourceTree = "<group>"; };
		91233AD82A87B79500F39F44 /* SceneDelegate.swift */ = {isa = PBXFileReference; lastKnownFileType = sourcecode.swift; path = SceneDelegate.swift; sourceTree = "<group>"; };
		91233ADD2A87B79500F39F44 /* Base */ = {isa = PBXFileReference; lastKnownFileType = file.storyboard; name = Base; path = Base.lproj/Main.storyboard; sourceTree = "<group>"; };
		91233ADF2A87B79600F39F44 /* Assets.xcassets */ = {isa = PBXFileReference; lastKnownFileType = folder.assetcatalog; path = Assets.xcassets; sourceTree = "<group>"; };
		91233AE22A87B79600F39F44 /* Base */ = {isa = PBXFileReference; lastKnownFileType = file.storyboard; name = Base; path = Base.lproj/LaunchScreen.storyboard; sourceTree = "<group>"; };
		91233AE42A87B79600F39F44 /* Info.plist */ = {isa = PBXFileReference; lastKnownFileType = text.plist.xml; path = Info.plist; sourceTree = "<group>"; };
		91233AEF2A87CC1000F39F44 /* PortfolioViewController.swift */ = {isa = PBXFileReference; lastKnownFileType = sourcecode.swift; path = PortfolioViewController.swift; sourceTree = "<group>"; };
		91233AF12A87CC7100F39F44 /* TradeViewController.swift */ = {isa = PBXFileReference; lastKnownFileType = sourcecode.swift; path = TradeViewController.swift; sourceTree = "<group>"; };
		91233AF32A87CC8000F39F44 /* ProfileViewController.swift */ = {isa = PBXFileReference; lastKnownFileType = sourcecode.swift; path = ProfileViewController.swift; sourceTree = "<group>"; };
		91233AF62A87D1C600F39F44 /* CellHelper.swift */ = {isa = PBXFileReference; lastKnownFileType = sourcecode.swift; path = CellHelper.swift; sourceTree = "<group>"; };
		91233AF92A87D21500F39F44 /* AccountCollectionViewCell.swift */ = {isa = PBXFileReference; lastKnownFileType = sourcecode.swift; path = AccountCollectionViewCell.swift; sourceTree = "<group>"; };
		91233AFA2A87D21500F39F44 /* AccountCollectionViewCell.xib */ = {isa = PBXFileReference; lastKnownFileType = file.xib; path = AccountCollectionViewCell.xib; sourceTree = "<group>"; };
		91233AFE2A87E36400F39F44 /* Extensions.swift */ = {isa = PBXFileReference; lastKnownFileType = sourcecode.swift; path = Extensions.swift; sourceTree = "<group>"; };
		91233B002A88397E00F39F44 /* CurrencyTableViewCell.swift */ = {isa = PBXFileReference; lastKnownFileType = sourcecode.swift; path = CurrencyTableViewCell.swift; sourceTree = "<group>"; };
		91233B012A88397E00F39F44 /* CurrencyTableViewCell.xib */ = {isa = PBXFileReference; lastKnownFileType = file.xib; path = CurrencyTableViewCell.xib; sourceTree = "<group>"; };
/* End PBXFileReference section */

/* Begin PBXFrameworksBuildPhase section */
		91233AD02A87B79500F39F44 /* Frameworks */ = {
			isa = PBXFrameworksBuildPhase;
			buildActionMask = 2147483647;
			files = (
			);
			runOnlyForDeploymentPostprocessing = 0;
		};
/* End PBXFrameworksBuildPhase section */

/* Begin PBXGroup section */
		91233ACA2A87B79500F39F44 = {
			isa = PBXGroup;
			children = (
				91233AD52A87B79500F39F44 /* Fin_dex */,
				91233AD42A87B79500F39F44 /* Products */,
			);
			sourceTree = "<group>";
		};
		91233AD42A87B79500F39F44 /* Products */ = {
			isa = PBXGroup;
			children = (
				91233AD32A87B79500F39F44 /* Fin_dex.app */,
			);
			name = Products;
			sourceTree = "<group>";
		};
		91233AD52A87B79500F39F44 /* Fin_dex */ = {
			isa = PBXGroup;
			children = (
				91233AFD2A87E35300F39F44 /* Extensions */,
				91233AF52A87D1B900F39F44 /* Helper */,
				91233AEE2A87CBF000F39F44 /* ViewControllers */,
				91233AED2A87BE7800F39F44 /* Utilities */,
				91233AEA2A87BC1000F39F44 /* BaseTabbarController */,
				91233AD62A87B79500F39F44 /* AppDelegate.swift */,
				91233AD82A87B79500F39F44 /* SceneDelegate.swift */,
				91233ADC2A87B79500F39F44 /* Main.storyboard */,
				91233ADF2A87B79600F39F44 /* Assets.xcassets */,
				91233AE12A87B79600F39F44 /* LaunchScreen.storyboard */,
				91233AE42A87B79600F39F44 /* Info.plist */,
			);
			path = Fin_dex;
			sourceTree = "<group>";
		};
		91233AEA2A87BC1000F39F44 /* BaseTabbarController */ = {
			isa = PBXGroup;
			children = (
			);
			path = BaseTabbarController;
			sourceTree = "<group>";
		};
		91233AED2A87BE7800F39F44 /* Utilities */ = {
			isa = PBXGroup;
			children = (
			);
			path = Utilities;
			sourceTree = "<group>";
		};
		91233AEE2A87CBF000F39F44 /* ViewControllers */ = {
			isa = PBXGroup;
			children = (
				91233AF82A87D1E800F39F44 /* ReusableCells */,
				91233AEF2A87CC1000F39F44 /* PortfolioViewController.swift */,
				91233AF12A87CC7100F39F44 /* TradeViewController.swift */,
				91233AF32A87CC8000F39F44 /* ProfileViewController.swift */,
			);
			path = ViewControllers;
			sourceTree = "<group>";
		};
		91233AF52A87D1B900F39F44 /* Helper */ = {
			isa = PBXGroup;
			children = (
				91233AF62A87D1C600F39F44 /* CellHelper.swift */,
			);
			path = Helper;
			sourceTree = "<group>";
		};
		91233AF82A87D1E800F39F44 /* ReusableCells */ = {
			isa = PBXGroup;
			children = (
				91233AF92A87D21500F39F44 /* AccountCollectionViewCell.swift */,
				91233AFA2A87D21500F39F44 /* AccountCollectionViewCell.xib */,
				91233B002A88397E00F39F44 /* CurrencyTableViewCell.swift */,
				91233B012A88397E00F39F44 /* CurrencyTableViewCell.xib */,
			);
			path = ReusableCells;
			sourceTree = "<group>";
		};
		91233AFD2A87E35300F39F44 /* Extensions */ = {
			isa = PBXGroup;
			children = (
				91233AFE2A87E36400F39F44 /* Extensions.swift */,
			);
			path = Extensions;
			sourceTree = "<group>";
		};
/* End PBXGroup section */

/* Begin PBXNativeTarget section */
		91233AD22A87B79500F39F44 /* Fin_dex */ = {
			isa = PBXNativeTarget;
			buildConfigurationList = 91233AE72A87B79600F39F44 /* Build configuration list for PBXNativeTarget "Fin_dex" */;
			buildPhases = (
				91233ACF2A87B79500F39F44 /* Sources */,
				91233AD02A87B79500F39F44 /* Frameworks */,
				91233AD12A87B79500F39F44 /* Resources */,
			);
			buildRules = (
			);
			dependencies = (
			);
			name = Fin_dex;
			productName = Fin_dex;
			productReference = 91233AD32A87B79500F39F44 /* Fin_dex.app */;
			productType = "com.apple.product-type.application";
		};
/* End PBXNativeTarget section */

/* Begin PBXProject section */
		91233ACB2A87B79500F39F44 /* Project object */ = {
			isa = PBXProject;
			attributes = {
				BuildIndependentTargetsInParallel = 1;
				LastSwiftUpdateCheck = 1430;
				LastUpgradeCheck = 1430;
				TargetAttributes = {
					91233AD22A87B79500F39F44 = {
						CreatedOnToolsVersion = 14.3;
					};
				};
			};
			buildConfigurationList = 91233ACE2A87B79500F39F44 /* Build configuration list for PBXProject "Fin_dex" */;
			compatibilityVersion = "Xcode 14.0";
			developmentRegion = en;
			hasScannedForEncodings = 0;
			knownRegions = (
				en,
				Base,
			);
			mainGroup = 91233ACA2A87B79500F39F44;
			productRefGroup = 91233AD42A87B79500F39F44 /* Products */;
			projectDirPath = "";
			projectRoot = "";
			targets = (
				91233AD22A87B79500F39F44 /* Fin_dex */,
			);
		};
/* End PBXProject section */

/* Begin PBXResourcesBuildPhase section */
		91233AD12A87B79500F39F44 /* Resources */ = {
			isa = PBXResourcesBuildPhase;
			buildActionMask = 2147483647;
			files = (
				91233AE32A87B79600F39F44 /* LaunchScreen.storyboard in Resources */,
				91233B032A88397E00F39F44 /* CurrencyTableViewCell.xib in Resources */,
				91233AE02A87B79600F39F44 /* Assets.xcassets in Resources */,
				91233AFC2A87D21600F39F44 /* AccountCollectionViewCell.xib in Resources */,
				91233ADE2A87B79500F39F44 /* Main.storyboard in Resources */,
			);
			runOnlyForDeploymentPostprocessing = 0;
		};
/* End PBXResourcesBuildPhase section */

/* Begin PBXSourcesBuildPhase section */
		91233ACF2A87B79500F39F44 /* Sources */ = {
			isa = PBXSourcesBuildPhase;
			buildActionMask = 2147483647;
			files = (
				91233AD72A87B79500F39F44 /* AppDelegate.swift in Sources */,
				91233AF72A87D1C600F39F44 /* CellHelper.swift in Sources */,
				91233AF02A87CC1000F39F44 /* PortfolioViewController.swift in Sources */,
				91233AFF2A87E36400F39F44 /* Extensions.swift in Sources */,
				91233AF42A87CC8000F39F44 /* ProfileViewController.swift in Sources */,
				91233AD92A87B79500F39F44 /* SceneDelegate.swift in Sources */,
				91233AFB2A87D21600F39F44 /* AccountCollectionViewCell.swift in Sources */,
				91233B022A88397E00F39F44 /* CurrencyTableViewCell.swift in Sources */,
				91233AF22A87CC7100F39F44 /* TradeViewController.swift in Sources */,
			);
			runOnlyForDeploymentPostprocessing = 0;
		};
/* End PBXSourcesBuildPhase section */

/* Begin PBXVariantGroup section */
		91233ADC2A87B79500F39F44 /* Main.storyboard */ = {
			isa = PBXVariantGroup;
			children = (
				91233ADD2A87B79500F39F44 /* Base */,
			);
			name = Main.storyboard;
			sourceTree = "<group>";
		};
		91233AE12A87B79600F39F44 /* LaunchScreen.storyboard */ = {
			isa = PBXVariantGroup;
			children = (
				91233AE22A87B79600F39F44 /* Base */,
			);
			name = LaunchScreen.storyboard;
			sourceTree = "<group>";
		};
/* End PBXVariantGroup section */

/* Begin XCBuildConfiguration section */
		91233AE52A87B79600F39F44 /* Debug */ = {
			isa = XCBuildConfiguration;
			buildSettings = {
				ALWAYS_SEARCH_USER_PATHS = NO;
				CLANG_ANALYZER_NONNULL = YES;
				CLANG_ANALYZER_NUMBER_OBJECT_CONVERSION = YES_AGGRESSIVE;
				CLANG_CXX_LANGUAGE_STANDARD = "gnu++20";
				CLANG_ENABLE_MODULES = YES;
				CLANG_ENABLE_OBJC_ARC = YES;
				CLANG_ENABLE_OBJC_WEAK = YES;
				CLANG_WARN_BLOCK_CAPTURE_AUTORELEASING = YES;
				CLANG_WARN_BOOL_CONVERSION = YES;
				CLANG_WARN_COMMA = YES;
				CLANG_WARN_CONSTANT_CONVERSION = YES;
				CLANG_WARN_DEPRECATED_OBJC_IMPLEMENTATIONS = YES;
				CLANG_WARN_DIRECT_OBJC_ISA_USAGE = YES_ERROR;
				CLANG_WARN_DOCUMENTATION_COMMENTS = YES;
				CLANG_WARN_EMPTY_BODY = YES;
				CLANG_WARN_ENUM_CONVERSION = YES;
				CLANG_WARN_INFINITE_RECURSION = YES;
				CLANG_WARN_INT_CONVERSION = YES;
				CLANG_WARN_NON_LITERAL_NULL_CONVERSION = YES;
				CLANG_WARN_OBJC_IMPLICIT_RETAIN_SELF = YES;
				CLANG_WARN_OBJC_LITERAL_CONVERSION = YES;
				CLANG_WARN_OBJC_ROOT_CLASS = YES_ERROR;
				CLANG_WARN_QUOTED_INCLUDE_IN_FRAMEWORK_HEADER = YES;
				CLANG_WARN_RANGE_LOOP_ANALYSIS = YES;
				CLANG_WARN_STRICT_PROTOTYPES = YES;
				CLANG_WARN_SUSPICIOUS_MOVE = YES;
				CLANG_WARN_UNGUARDED_AVAILABILITY = YES_AGGRESSIVE;
				CLANG_WARN_UNREACHABLE_CODE = YES;
				CLANG_WARN__DUPLICATE_METHOD_MATCH = YES;
				COPY_PHASE_STRIP = NO;
				DEBUG_INFORMATION_FORMAT = dwarf;
				ENABLE_STRICT_OBJC_MSGSEND = YES;
				ENABLE_TESTABILITY = YES;
				GCC_C_LANGUAGE_STANDARD = gnu11;
				GCC_DYNAMIC_NO_PIC = NO;
				GCC_NO_COMMON_BLOCKS = YES;
				GCC_OPTIMIZATION_LEVEL = 0;
				GCC_PREPROCESSOR_DEFINITIONS = (
					"DEBUG=1",
					"$(inherited)",
				);
				GCC_WARN_64_TO_32_BIT_CONVERSION = YES;
				GCC_WARN_ABOUT_RETURN_TYPE = YES_ERROR;
				GCC_WARN_UNDECLARED_SELECTOR = YES;
				GCC_WARN_UNINITIALIZED_AUTOS = YES_AGGRESSIVE;
				GCC_WARN_UNUSED_FUNCTION = YES;
				GCC_WARN_UNUSED_VARIABLE = YES;
				IPHONEOS_DEPLOYMENT_TARGET = 16.4;
				MTL_ENABLE_DEBUG_INFO = INCLUDE_SOURCE;
				MTL_FAST_MATH = YES;
				ONLY_ACTIVE_ARCH = YES;
				SDKROOT = iphoneos;
				SWIFT_ACTIVE_COMPILATION_CONDITIONS = DEBUG;
				SWIFT_OPTIMIZATION_LEVEL = "-Onone";
			};
			name = Debug;
		};
		91233AE62A87B79600F39F44 /* Release */ = {
			isa = XCBuildConfiguration;
			buildSettings = {
				ALWAYS_SEARCH_USER_PATHS = NO;
				CLANG_ANALYZER_NONNULL = YES;
				CLANG_ANALYZER_NUMBER_OBJECT_CONVERSION = YES_AGGRESSIVE;
				CLANG_CXX_LANGUAGE_STANDARD = "gnu++20";
				CLANG_ENABLE_MODULES = YES;
				CLANG_ENABLE_OBJC_ARC = YES;
				CLANG_ENABLE_OBJC_WEAK = YES;
				CLANG_WARN_BLOCK_CAPTURE_AUTORELEASING = YES;
				CLANG_WARN_BOOL_CONVERSION = YES;
				CLANG_WARN_COMMA = YES;
				CLANG_WARN_CONSTANT_CONVERSION = YES;
				CLANG_WARN_DEPRECATED_OBJC_IMPLEMENTATIONS = YES;
				CLANG_WARN_DIRECT_OBJC_ISA_USAGE = YES_ERROR;
				CLANG_WARN_DOCUMENTATION_COMMENTS = YES;
				CLANG_WARN_EMPTY_BODY = YES;
				CLANG_WARN_ENUM_CONVERSION = YES;
				CLANG_WARN_INFINITE_RECURSION = YES;
				CLANG_WARN_INT_CONVERSION = YES;
				CLANG_WARN_NON_LITERAL_NULL_CONVERSION = YES;
				CLANG_WARN_OBJC_IMPLICIT_RETAIN_SELF = YES;
				CLANG_WARN_OBJC_LITERAL_CONVERSION = YES;
				CLANG_WARN_OBJC_ROOT_CLASS = YES_ERROR;
				CLANG_WARN_QUOTED_INCLUDE_IN_FRAMEWORK_HEADER = YES;
				CLANG_WARN_RANGE_LOOP_ANALYSIS = YES;
				CLANG_WARN_STRICT_PROTOTYPES = YES;
				CLANG_WARN_SUSPICIOUS_MOVE = YES;
				CLANG_WARN_UNGUARDED_AVAILABILITY = YES_AGGRESSIVE;
				CLANG_WARN_UNREACHABLE_CODE = YES;
				CLANG_WARN__DUPLICATE_METHOD_MATCH = YES;
				COPY_PHASE_STRIP = NO;
				DEBUG_INFORMATION_FORMAT = "dwarf-with-dsym";
				ENABLE_NS_ASSERTIONS = NO;
				ENABLE_STRICT_OBJC_MSGSEND = YES;
				GCC_C_LANGUAGE_STANDARD = gnu11;
				GCC_NO_COMMON_BLOCKS = YES;
				GCC_WARN_64_TO_32_BIT_CONVERSION = YES;
				GCC_WARN_ABOUT_RETURN_TYPE = YES_ERROR;
				GCC_WARN_UNDECLARED_SELECTOR = YES;
				GCC_WARN_UNINITIALIZED_AUTOS = YES_AGGRESSIVE;
				GCC_WARN_UNUSED_FUNCTION = YES;
				GCC_WARN_UNUSED_VARIABLE = YES;
				IPHONEOS_DEPLOYMENT_TARGET = 16.4;
				MTL_ENABLE_DEBUG_INFO = NO;
				MTL_FAST_MATH = YES;
				SDKROOT = iphoneos;
				SWIFT_COMPILATION_MODE = wholemodule;
				SWIFT_OPTIMIZATION_LEVEL = "-O";
				VALIDATE_PRODUCT = YES;
			};
			name = Release;
		};
		91233AE82A87B79600F39F44 /* Debug */ = {
			isa = XCBuildConfiguration;
			buildSettings = {
				ASSETCATALOG_COMPILER_APPICON_NAME = AppIcon;
				ASSETCATALOG_COMPILER_GLOBAL_ACCENT_COLOR_NAME = AccentColor;
				CODE_SIGN_STYLE = Automatic;
				CURRENT_PROJECT_VERSION = 1;
				DEVELOPMENT_TEAM = XZCMJSHQ4A;
				GENERATE_INFOPLIST_FILE = YES;
				INFOPLIST_FILE = Fin_dex/Info.plist;
				INFOPLIST_KEY_LSApplicationCategoryType = "public.app-category.finance";
				INFOPLIST_KEY_UIApplicationSupportsIndirectInputEvents = YES;
				INFOPLIST_KEY_UILaunchStoryboardName = LaunchScreen;
				INFOPLIST_KEY_UIMainStoryboardFile = Main;
				INFOPLIST_KEY_UISupportedInterfaceOrientations_iPad = "UIInterfaceOrientationPortrait UIInterfaceOrientationPortraitUpsideDown UIInterfaceOrientationLandscapeLeft UIInterfaceOrientationLandscapeRight";
				INFOPLIST_KEY_UISupportedInterfaceOrientations_iPhone = "UIInterfaceOrientationPortrait UIInterfaceOrientationLandscapeLeft UIInterfaceOrientationLandscapeRight";
				IPHONEOS_DEPLOYMENT_TARGET = 14.0;
				LD_RUNPATH_SEARCH_PATHS = (
					"$(inherited)",
					"@executable_path/Frameworks",
				);
				MARKETING_VERSION = 1.0;
				PRODUCT_BUNDLE_IDENTIFIER = "com.BedriDogan.Fin-dex";
				PRODUCT_NAME = "$(TARGET_NAME)";
				SWIFT_EMIT_LOC_STRINGS = YES;
				SWIFT_VERSION = 5.0;
				TARGETED_DEVICE_FAMILY = "1,2";
			};
			name = Debug;
		};
		91233AE92A87B79600F39F44 /* Release */ = {
			isa = XCBuildConfiguration;
			buildSettings = {
				ASSETCATALOG_COMPILER_APPICON_NAME = AppIcon;
				ASSETCATALOG_COMPILER_GLOBAL_ACCENT_COLOR_NAME = AccentColor;
				CODE_SIGN_STYLE = Automatic;
				CURRENT_PROJECT_VERSION = 1;
				DEVELOPMENT_TEAM = XZCMJSHQ4A;
				GENERATE_INFOPLIST_FILE = YES;
				INFOPLIST_FILE = Fin_dex/Info.plist;
				INFOPLIST_KEY_LSApplicationCategoryType = "public.app-category.finance";
				INFOPLIST_KEY_UIApplicationSupportsIndirectInputEvents = YES;
				INFOPLIST_KEY_UILaunchStoryboardName = LaunchScreen;
				INFOPLIST_KEY_UIMainStoryboardFile = Main;
				INFOPLIST_KEY_UISupportedInterfaceOrientations_iPad = "UIInterfaceOrientationPortrait UIInterfaceOrientationPortraitUpsideDown UIInterfaceOrientationLandscapeLeft UIInterfaceOrientationLandscapeRight";
				INFOPLIST_KEY_UISupportedInterfaceOrientations_iPhone = "UIInterfaceOrientationPortrait UIInterfaceOrientationLandscapeLeft UIInterfaceOrientationLandscapeRight";
				IPHONEOS_DEPLOYMENT_TARGET = 14.0;
				LD_RUNPATH_SEARCH_PATHS = (
					"$(inherited)",
					"@executable_path/Frameworks",
				);
				MARKETING_VERSION = 1.0;
				PRODUCT_BUNDLE_IDENTIFIER = "com.BedriDogan.Fin-dex";
				PRODUCT_NAME = "$(TARGET_NAME)";
				SWIFT_EMIT_LOC_STRINGS = YES;
				SWIFT_VERSION = 5.0;
				TARGETED_DEVICE_FAMILY = "1,2";
			};
			name = Release;
		};
/* End XCBuildConfiguration section */

/* Begin XCConfigurationList section */
		91233ACE2A87B79500F39F44 /* Build configuration list for PBXProject "Fin_dex" */ = {
			isa = XCConfigurationList;
			buildConfigurations = (
				91233AE52A87B79600F39F44 /* Debug */,
				91233AE62A87B79600F39F44 /* Release */,
			);
			defaultConfigurationIsVisible = 0;
			defaultConfigurationName = Release;
		};
		91233AE72A87B79600F39F44 /* Build configuration list for PBXNativeTarget "Fin_dex" */ = {
			isa = XCConfigurationList;
			buildConfigurations = (
				91233AE82A87B79600F39F44 /* Debug */,
				91233AE92A87B79600F39F44 /* Release */,
			);
			defaultConfigurationIsVisible = 0;
			defaultConfigurationName = Release;
		};
/* End XCConfigurationList section */
	};
	rootObject = 91233ACB2A87B79500F39F44 /* Project object */;
}
